
Microsoft Visual Studio Solution File, Format Version 12.00
# Visual Studio Version 17
VisualStudioVersion = 17.4.33205.214
MinimumVisualStudioVersion = 10.0.40219.1
Project("{FAE04EC0-301F-11D3-BF4B-00C04F79EFBC}") = "WinFormsApp4", "WinFormsApp4\WinFormsApp4.csproj", "{C5AEB804-7573-452B-9231-4399F0E52B59}"
EndProject
Global
	GlobalSection(SolutionConfigurationPlatforms) = preSolution
		Debug|Any CPU = Debug|Any CPU
		Release|Any CPU = Release|Any CPU
	EndGlobalSection
	GlobalSection(ProjectConfigurationPlatforms) = postSolution
		{C5AEB804-7573-452B-9231-4399F0E52B59}.Debug|Any CPU.ActiveCfg = Debug|Any CPU
		{C5AEB804-7573-452B-9231-4399F0E52B59}.Debug|Any CPU.Build.0 = Debug|Any CPU
		{C5AEB804-7573-452B-9231-4399F0E52B59}.Release|Any CPU.ActiveCfg = Release|Any CPU
		{C5AEB804-7573-452B-9231-4399F0E52B59}.Release|Any CPU.Build.0 = Release|Any CPU
	EndGlobalSection
	GlobalSection(SolutionProperties) = preSolution
		HideSolutionNode = FALSE
	EndGlobalSection
	GlobalSection(ExtensibilityGlobals) = postSolution
		SolutionGuid = {0E287AA0-8582-4411-ACDC-6C374D91DD6D}
	EndGlobalSection
EndGlobal
